// !$*UTF8*$!
{
	archiveVersion = 1;
	classes = {
	};
	objectVersion = 46;
	objects = {

/* Begin PBXBuildFile section */
		FC5B9E8219C84F31009F4058 /* Foundation.framework in Frameworks */ = {isa = PBXBuildFile; fileRef = FC5B9E8119C84F31009F4058 /* Foundation.framework */; };
		FC5B9E8419C84F31009F4058 /* CoreGraphics.framework in Frameworks */ = {isa = PBXBuildFile; fileRef = FC5B9E8319C84F31009F4058 /* CoreGraphics.framework */; };
		FC5B9E8619C84F31009F4058 /* UIKit.framework in Frameworks */ = {isa = PBXBuildFile; fileRef = FC5B9E8519C84F31009F4058 /* UIKit.framework */; };
		FC5B9E8C19C84F31009F4058 /* InfoPlist.strings in Resources */ = {isa = PBXBuildFile; fileRef = FC5B9E8A19C84F31009F4058 /* InfoPlist.strings */; };
		FC5B9E8E19C84F31009F4058 /* main.m in Sources */ = {isa = PBXBuildFile; fileRef = FC5B9E8D19C84F31009F4058 /* main.m */; };
		FC5B9E9219C84F31009F4058 /* AppDelegate.m in Sources */ = {isa = PBXBuildFile; fileRef = FC5B9E9119C84F31009F4058 /* AppDelegate.m */; };
		FC5B9E9519C84F31009F4058 /* Main.storyboard in Resources */ = {isa = PBXBuildFile; fileRef = FC5B9E9319C84F31009F4058 /* Main.storyboard */; };
		FC5B9E9A19C84F31009F4058 /* Images.xcassets in Resources */ = {isa = PBXBuildFile; fileRef = FC5B9E9919C84F31009F4058 /* Images.xcassets */; };
		FC5B9EA119C84F31009F4058 /* XCTest.framework in Frameworks */ = {isa = PBXBuildFile; fileRef = FC5B9EA019C84F31009F4058 /* XCTest.framework */; };
		FC5B9EA219C84F31009F4058 /* Foundation.framework in Frameworks */ = {isa = PBXBuildFile; fileRef = FC5B9E8119C84F31009F4058 /* Foundation.framework */; };
		FC5B9EA319C84F31009F4058 /* UIKit.framework in Frameworks */ = {isa = PBXBuildFile; fileRef = FC5B9E8519C84F31009F4058 /* UIKit.framework */; };
		FC5B9EAB19C84F31009F4058 /* InfoPlist.strings in Resources */ = {isa = PBXBuildFile; fileRef = FC5B9EA919C84F31009F4058 /* InfoPlist.strings */; };
		FC5B9EAD19C84F31009F4058 /* PullUpToRefreshTests.m in Sources */ = {isa = PBXBuildFile; fileRef = FC5B9EAC19C84F31009F4058 /* PullUpToRefreshTests.m */; };
		FC5B9EBE19C8506F009F4058 /* MNMBottomPullToRefresh.strings in Resources */ = {isa = PBXBuildFile; fileRef = FC5B9EB719C8506F009F4058 /* MNMBottomPullToRefresh.strings */; };
		FC5B9EBF19C8506F009F4058 /* MNMBottomPullToRefreshArrow.png in Resources */ = {isa = PBXBuildFile; fileRef = FC5B9EB819C8506F009F4058 /* MNMBottomPullToRefreshArrow.png */; };
		FC5B9EC019C8506F009F4058 /* MNMBottomPullToRefreshArrow@2x.png in Resources */ = {isa = PBXBuildFile; fileRef = FC5B9EB919C8506F009F4058 /* MNMBottomPullToRefreshArrow@2x.png */; };
		FC5B9EC119C8506F009F4058 /* MNMBottomPullToRefreshManager.m in Sources */ = {isa = PBXBuildFile; fileRef = FC5B9EBB19C8506F009F4058 /* MNMBottomPullToRefreshManager.m */; };
		FC5B9EC219C8506F009F4058 /* MNMBottomPullToRefreshView.m in Sources */ = {isa = PBXBuildFile; fileRef = FC5B9EBD19C8506F009F4058 /* MNMBottomPullToRefreshView.m */; };
		FC5B9EC519C850B9009F4058 /* RefreshTableViewController.m in Sources */ = {isa = PBXBuildFile; fileRef = FC5B9EC419C850B9009F4058 /* RefreshTableViewController.m */; };
/* End PBXBuildFile section */

/* Begin PBXContainerItemProxy section */
		FC5B9EA419C84F31009F4058 /* PBXContainerItemProxy */ = {
			isa = PBXContainerItemProxy;
			containerPortal = FC5B9E7619C84F31009F4058 /* Project object */;
			proxyType = 1;
			remoteGlobalIDString = FC5B9E7D19C84F31009F4058;
			remoteInfo = PullUpToRefresh;
		};
/* End PBXContainerItemProxy section */

/* Begin PBXFileReference section */
		FC5B9E7E19C84F31009F4058 /* PullUpToRefresh.app */ = {isa = PBXFileReference; explicitFileType = wrapper.application; includeInIndex = 0; path = PullUpToRefresh.app; sourceTree = BUILT_PRODUCTS_DIR; };
		FC5B9E8119C84F31009F4058 /* Foundation.framework */ = {isa = PBXFileReference; lastKnownFileType = wrapper.framework; name = Foundation.framework; path = System/Library/Frameworks/Foundation.framework; sourceTree = SDKROOT; };
		FC5B9E8319C84F31009F4058 /* CoreGraphics.framework */ = {isa = PBXFileReference; lastKnownFileType = wrapper.framework; name = CoreGraphics.framework; path = System/Library/Frameworks/CoreGraphics.framework; sourceTree = SDKROOT; };
		FC5B9E8519C84F31009F4058 /* UIKit.framework */ = {isa = PBXFileReference; lastKnownFileType = wrapper.framework; name = UIKit.framework; path = System/Library/Frameworks/UIKit.framework; sourceTree = SDKROOT; };
		FC5B9E8919C84F31009F4058 /* PullUpToRefresh-Info.plist */ = {isa = PBXFileReference; lastKnownFileType = text.plist.xml; path = "PullUpToRefresh-Info.plist"; sourceTree = "<group>"; };
		FC5B9E8B19C84F31009F4058 /* en */ = {isa = PBXFileReference; lastKnownFileType = text.plist.strings; name = en; path = en.lproj/InfoPlist.strings; sourceTree = "<group>"; };
		FC5B9E8D19C84F31009F4058 /* main.m */ = {isa = PBXFileReference; lastKnownFileType = sourcecode.c.objc; path = main.m; sourceTree = "<group>"; };
		FC5B9E8F19C84F31009F4058 /* PullUpToRefresh-Prefix.pch */ = {isa = PBXFileReference; lastKnownFileType = sourcecode.c.h; path = "PullUpToRefresh-Prefix.pch"; sourceTree = "<group>"; };
		FC5B9E9019C84F31009F4058 /* AppDelegate.h */ = {isa = PBXFileReference; lastKnownFileType = sourcecode.c.h; path = AppDelegate.h; sourceTree = "<group>"; };
		FC5B9E9119C84F31009F4058 /* AppDelegate.m */ = {isa = PBXFileReference; lastKnownFileType = sourcecode.c.objc; path = AppDelegate.m; sourceTree = "<group>"; };
		FC5B9E9419C84F31009F4058 /* Base */ = {isa = PBXFileReference; lastKnownFileType = file.storyboard; name = Base; path = Base.lproj/Main.storyboard; sourceTree = "<group>"; };
		FC5B9E9919C84F31009F4058 /* Images.xcassets */ = {isa = PBXFileReference; lastKnownFileType = folder.assetcatalog; path = Images.xcassets; sourceTree = "<group>"; };
		FC5B9E9F19C84F31009F4058 /* PullUpToRefreshTests.xctest */ = {isa = PBXFileReference; explicitFileType = wrapper.cfbundle; includeInIndex = 0; path = PullUpToRefreshTests.xctest; sourceTree = BUILT_PRODUCTS_DIR; };
		FC5B9EA019C84F31009F4058 /* XCTest.framework */ = {isa = PBXFileReference; lastKnownFileType = wrapper.framework; name = XCTest.framework; path = Library/Frameworks/XCTest.framework; sourceTree = DEVELOPER_DIR; };
		FC5B9EA819C84F31009F4058 /* PullUpToRefreshTests-Info.plist */ = {isa = PBXFileReference; lastKnownFileType = text.plist.xml; path = "PullUpToRefreshTests-Info.plist"; sourceTree = "<group>"; };
		FC5B9EAA19C84F31009F4058 /* en */ = {isa = PBXFileReference; lastKnownFileType = text.plist.strings; name = en; path = en.lproj/InfoPlist.strings; sourceTree = "<group>"; };
		FC5B9EAC19C84F31009F4058 /* PullUpToRefreshTests.m */ = {isa = PBXFileReference; lastKnownFileType = sourcecode.c.objc; path = PullUpToRefreshTests.m; sourceTree = "<group>"; };
		FC5B9EB719C8506F009F4058 /* MNMBottomPullToRefresh.strings */ = {isa = PBXFileReference; fileEncoding = 4; lastKnownFileType = text.plist.strings; path = MNMBottomPullToRefresh.strings; sourceTree = "<group>"; };
		FC5B9EB819C8506F009F4058 /* MNMBottomPullToRefreshArrow.png */ = {isa = PBXFileReference; lastKnownFileType = image.png; path = MNMBottomPullToRefreshArrow.png; sourceTree = "<group>"; };
		FC5B9EB919C8506F009F4058 /* MNMBottomPullToRefreshArrow@2x.png */ = {isa = PBXFileReference; lastKnownFileType = image.png; path = "MNMBottomPullToRefreshArrow@2x.png"; sourceTree = "<group>"; };
		FC5B9EBA19C8506F009F4058 /* MNMBottomPullToRefreshManager.h */ = {isa = PBXFileReference; fileEncoding = 4; lastKnownFileType = sourcecode.c.h; path = MNMBottomPullToRefreshManager.h; sourceTree = "<group>"; };
		FC5B9EBB19C8506F009F4058 /* MNMBottomPullToRefreshManager.m */ = {isa = PBXFileReference; fileEncoding = 4; lastKnownFileType = sourcecode.c.objc; path = MNMBottomPullToRefreshManager.m; sourceTree = "<group>"; };
		FC5B9EBC19C8506F009F4058 /* MNMBottomPullToRefreshView.h */ = {isa = PBXFileReference; fileEncoding = 4; lastKnownFileType = sourcecode.c.h; path = MNMBottomPullToRefreshView.h; sourceTree = "<group>"; };
		FC5B9EBD19C8506F009F4058 /* MNMBottomPullToRefreshView.m */ = {isa = PBXFileReference; fileEncoding = 4; lastKnownFileType = sourcecode.c.objc; path = MNMBottomPullToRefreshView.m; sourceTree = "<group>"; };
		FC5B9EC319C850B9009F4058 /* RefreshTableViewController.h */ = {isa = PBXFileReference; fileEncoding = 4; lastKnownFileType = sourcecode.c.h; path = RefreshTableViewController.h; sourceTree = "<group>"; };
		FC5B9EC419C850B9009F4058 /* RefreshTableViewController.m */ = {isa = PBXFileReference; fileEncoding = 4; lastKnownFileType = sourcecode.c.objc; path = RefreshTableViewController.m; sourceTree = "<group>"; };
/* End PBXFileReference section */

/* Begin PBXFrameworksBuildPhase section */
		FC5B9E7B19C84F31009F4058 /* Frameworks */ = {
			isa = PBXFrameworksBuildPhase;
			buildActionMask = 2147483647;
			files = (
				FC5B9E8419C84F31009F4058 /* CoreGraphics.framework in Frameworks */,
				FC5B9E8619C84F31009F4058 /* UIKit.framework in Frameworks */,
				FC5B9E8219C84F31009F4058 /* Foundation.framework in Frameworks */,
			);
			runOnlyForDeploymentPostprocessing = 0;
		};
		FC5B9E9C19C84F31009F4058 /* Frameworks */ = {
			isa = PBXFrameworksBuildPhase;
			buildActionMask = 2147483647;
			files = (
				FC5B9EA119C84F31009F4058 /* XCTest.framework in Frameworks */,
				FC5B9EA319C84F31009F4058 /* UIKit.framework in Frameworks */,
				FC5B9EA219C84F31009F4058 /* Foundation.framework in Frameworks */,
			);
			runOnlyForDeploymentPostprocessing = 0;
		};
/* End PBXFrameworksBuildPhase section */

/* Begin PBXGroup section */
		FC5B9E7519C84F31009F4058 = {
			isa = PBXGroup;
			children = (
				FC5B9EB619C8506F009F4058 /* MNMBottomPullToRefresh */,
				FC5B9E8719C84F31009F4058 /* PullUpToRefresh */,
				FC5B9EA619C84F31009F4058 /* PullUpToRefreshTests */,
				FC5B9E8019C84F31009F4058 /* Frameworks */,
				FC5B9E7F19C84F31009F4058 /* Products */,
			);
			sourceTree = "<group>";
		};
		FC5B9E7F19C84F31009F4058 /* Products */ = {
			isa = PBXGroup;
			children = (
				FC5B9E7E19C84F31009F4058 /* PullUpToRefresh.app */,
				FC5B9E9F19C84F31009F4058 /* PullUpToRefreshTests.xctest */,
			);
			name = Products;
			sourceTree = "<group>";
		};
		FC5B9E8019C84F31009F4058 /* Frameworks */ = {
			isa = PBXGroup;
			children = (
				FC5B9E8119C84F31009F4058 /* Foundation.framework */,
				FC5B9E8319C84F31009F4058 /* CoreGraphics.framework */,
				FC5B9E8519C84F31009F4058 /* UIKit.framework */,
				FC5B9EA019C84F31009F4058 /* XCTest.framework */,
			);
			name = Frameworks;
			sourceTree = "<group>";
		};
		FC5B9E8719C84F31009F4058 /* PullUpToRefresh */ = {
			isa = PBXGroup;
			children = (
				FC5B9E9019C84F31009F4058 /* AppDelegate.h */,
				FC5B9E9119C84F31009F4058 /* AppDelegate.m */,
				FC5B9E9319C84F31009F4058 /* Main.storyboard */,
				FC5B9EC319C850B9009F4058 /* RefreshTableViewController.h */,
				FC5B9EC419C850B9009F4058 /* RefreshTableViewController.m */,
				FC5B9E9919C84F31009F4058 /* Images.xcassets */,
				FC5B9E8819C84F31009F4058 /* Supporting Files */,
			);
			path = PullUpToRefresh;
			sourceTree = "<group>";
		};
		FC5B9E8819C84F31009F4058 /* Supporting Files */ = {
			isa = PBXGroup;
			children = (
				FC5B9E8919C84F31009F4058 /* PullUpToRefresh-Info.plist */,
				FC5B9E8A19C84F31009F4058 /* InfoPlist.strings */,
				FC5B9E8D19C84F31009F4058 /* main.m */,
				FC5B9E8F19C84F31009F4058 /* PullUpToRefresh-Prefix.pch */,
			);
			name = "Supporting Files";
			sourceTree = "<group>";
		};
		FC5B9EA619C84F31009F4058 /* PullUpToRefreshTests */ = {
			isa = PBXGroup;
			children = (
				FC5B9EAC19C84F31009F4058 /* PullUpToRefreshTests.m */,
				FC5B9EA719C84F31009F4058 /* Supporting Files */,
			);
			path = PullUpToRefreshTests;
			sourceTree = "<group>";
		};
		FC5B9EA719C84F31009F4058 /* Supporting Files */ = {
			isa = PBXGroup;
			children = (
				FC5B9EA819C84F31009F4058 /* PullUpToRefreshTests-Info.plist */,
				FC5B9EA919C84F31009F4058 /* InfoPlist.strings */,
			);
			name = "Supporting Files";
			sourceTree = "<group>";
		};
		FC5B9EB619C8506F009F4058 /* MNMBottomPullToRefresh */ = {
			isa = PBXGroup;
			children = (
				FC5B9EB719C8506F009F4058 /* MNMBottomPullToRefresh.strings */,
				FC5B9EB819C8506F009F4058 /* MNMBottomPullToRefreshArrow.png */,
				FC5B9EB919C8506F009F4058 /* MNMBottomPullToRefreshArrow@2x.png */,
				FC5B9EBA19C8506F009F4058 /* MNMBottomPullToRefreshManager.h */,
				FC5B9EBB19C8506F009F4058 /* MNMBottomPullToRefreshManager.m */,
				FC5B9EBC19C8506F009F4058 /* MNMBottomPullToRefreshView.h */,
				FC5B9EBD19C8506F009F4058 /* MNMBottomPullToRefreshView.m */,
			);
			name = MNMBottomPullToRefresh;
			path = PullUpToRefresh/MNMBottomPullToRefresh;
			sourceTree = "<group>";
		};
/* End PBXGroup section */

/* Begin PBXNativeTarget section */
		FC5B9E7D19C84F31009F4058 /* PullUpToRefresh */ = {
			isa = PBXNativeTarget;
			buildConfigurationList = FC5B9EB019C84F31009F4058 /* Build configuration list for PBXNativeTarget "PullUpToRefresh" */;
			buildPhases = (
				FC5B9E7A19C84F31009F4058 /* Sources */,
				FC5B9E7B19C84F31009F4058 /* Frameworks */,
				FC5B9E7C19C84F31009F4058 /* Resources */,
			);
			buildRules = (
			);
			dependencies = (
			);
			name = PullUpToRefresh;
			productName = PullUpToRefresh;
			productReference = FC5B9E7E19C84F31009F4058 /* PullUpToRefresh.app */;
			productType = "com.apple.product-type.application";
		};
		FC5B9E9E19C84F31009F4058 /* PullUpToRefreshTests */ = {
			isa = PBXNativeTarget;
			buildConfigurationList = FC5B9EB319C84F31009F4058 /* Build configuration list for PBXNativeTarget "PullUpToRefreshTests" */;
			buildPhases = (
				FC5B9E9B19C84F31009F4058 /* Sources */,
				FC5B9E9C19C84F31009F4058 /* Frameworks */,
				FC5B9E9D19C84F31009F4058 /* Resources */,
			);
			buildRules = (
			);
			dependencies = (
				FC5B9EA519C84F31009F4058 /* PBXTargetDependency */,
			);
			name = PullUpToRefreshTests;
			productName = PullUpToRefreshTests;
			productReference = FC5B9E9F19C84F31009F4058 /* PullUpToRefreshTests.xctest */;
			productType = "com.apple.product-type.bundle.unit-test";
		};
/* End PBXNativeTarget section */

/* Begin PBXProject section */
		FC5B9E7619C84F31009F4058 /* Project object */ = {
			isa = PBXProject;
			attributes = {
				LastUpgradeCheck = 0510;
				ORGANIZATIONNAME = QA;
				TargetAttributes = {
					FC5B9E9E19C84F31009F4058 = {
						TestTargetID = FC5B9E7D19C84F31009F4058;
					};
				};
			};
			buildConfigurationList = FC5B9E7919C84F31009F4058 /* Build configuration list for PBXProject "PullUpToRefresh" */;
			compatibilityVersion = "Xcode 3.2";
			developmentRegion = English;
			hasScannedForEncodings = 0;
			knownRegions = (
				en,
				Base,
			);
			mainGroup = FC5B9E7519C84F31009F4058;
			productRefGroup = FC5B9E7F19C84F31009F4058 /* Products */;
			projectDirPath = "";
			projectRoot = "";
			targets = (
				FC5B9E7D19C84F31009F4058 /* PullUpToRefresh */,
				FC5B9E9E19C84F31009F4058 /* PullUpToRefreshTests */,
			);
		};
/* End PBXProject section */

/* Begin PBXResourcesBuildPhase section */
		FC5B9E7C19C84F31009F4058 /* Resources */ = {
			isa = PBXResourcesBuildPhase;
			buildActionMask = 2147483647;
			files = (
				FC5B9EC019C8506F009F4058 /* MNMBottomPullToRefreshArrow@2x.png in Resources */,
				FC5B9E9A19C84F31009F4058 /* Images.xcassets in Resources */,
				FC5B9E8C19C84F31009F4058 /* InfoPlist.strings in Resources */,
				FC5B9EBE19C8506F009F4058 /* MNMBottomPullToRefresh.strings in Resources */,
				FC5B9EBF19C8506F009F4058 /* MNMBottomPullToRefreshArrow.png in Resources */,
				FC5B9E9519C84F31009F4058 /* Main.storyboard in Resources */,
			);
			runOnlyForDeploymentPostprocessing = 0;
		};
		FC5B9E9D19C84F31009F4058 /* Resources */ = {
			isa = PBXResourcesBuildPhase;
			buildActionMask = 2147483647;
			files = (
				FC5B9EAB19C84F31009F4058 /* InfoPlist.strings in Resources */,
			);
			runOnlyForDeploymentPostprocessing = 0;
		};
/* End PBXResourcesBuildPhase section */

/* Begin PBXSourcesBuildPhase section */
		FC5B9E7A19C84F31009F4058 /* Sources */ = {
			isa = PBXSourcesBuildPhase;
			buildActionMask = 2147483647;
			files = (
				FC5B9EC119C8506F009F4058 /* MNMBottomPullToRefreshManager.m in Sources */,
				FC5B9EC519C850B9009F4058 /* RefreshTableViewController.m in Sources */,
				FC5B9E9219C84F31009F4058 /* AppDelegate.m in Sources */,
				FC5B9E8E19C84F31009F4058 /* main.m in Sources */,
				FC5B9EC219C8506F009F4058 /* MNMBottomPullToRefreshView.m in Sources */,
			);
			runOnlyForDeploymentPostprocessing = 0;
		};
		FC5B9E9B19C84F31009F4058 /* Sources */ = {
			isa = PBXSourcesBuildPhase;
			buildActionMask = 2147483647;
			files = (
				FC5B9EAD19C84F31009F4058 /* PullUpToRefreshTests.m in Sources */,
			);
			runOnlyForDeploymentPostprocessing = 0;
		};
/* End PBXSourcesBuildPhase section */

/* Begin PBXTargetDependency section */
		FC5B9EA519C84F31009F4058 /* PBXTargetDependency */ = {
			isa = PBXTargetDependency;
			target = FC5B9E7D19C84F31009F4058 /* PullUpToRefresh */;
			targetProxy = FC5B9EA419C84F31009F4058 /* PBXContainerItemProxy */;
		};
/* End PBXTargetDependency section */

/* Begin PBXVariantGroup section */
		FC5B9E8A19C84F31009F4058 /* InfoPlist.strings */ = {
			isa = PBXVariantGroup;
			children = (
				FC5B9E8B19C84F31009F4058 /* en */,
			);
			name = InfoPlist.strings;
			sourceTree = "<group>";
		};
		FC5B9E9319C84F31009F4058 /* Main.storyboard */ = {
			isa = PBXVariantGroup;
			children = (
				FC5B9E9419C84F31009F4058 /* Base */,
			);
			name = Main.storyboard;
			sourceTree = "<group>";
		};
		FC5B9EA919C84F31009F4058 /* InfoPlist.strings */ = {
			isa = PBXVariantGroup;
			children = (
				FC5B9EAA19C84F31009F4058 /* en */,
			);
			name = InfoPlist.strings;
			sourceTree = "<group>";
		};
/* End PBXVariantGroup section */

/* Begin XCBuildConfiguration section */
		FC5B9EAE19C84F31009F4058 /* Debug */ = {
			isa = XCBuildConfiguration;
			buildSettings = {
				ALWAYS_SEARCH_USER_PATHS = NO;
				CLANG_CXX_LANGUAGE_STANDARD = "gnu++0x";
				CLANG_CXX_LIBRARY = "libc++";
				CLANG_ENABLE_MODULES = YES;
				CLANG_ENABLE_OBJC_ARC = YES;
				CLANG_WARN_BOOL_CONVERSION = YES;
				CLANG_WARN_CONSTANT_CONVERSION = YES;
				CLANG_WARN_DIRECT_OBJC_ISA_USAGE = YES_ERROR;
				CLANG_WARN_EMPTY_BODY = YES;
				CLANG_WARN_ENUM_CONVERSION = YES;
				CLANG_WARN_INT_CONVERSION = YES;
				CLANG_WARN_OBJC_ROOT_CLASS = YES_ERROR;
				CLANG_WARN__DUPLICATE_METHOD_MATCH = YES;
				"CODE_SIGN_IDENTITY[sdk=iphoneos*]" = "iPhone Developer";
				COPY_PHASE_STRIP = NO;
				GCC_C_LANGUAGE_STANDARD = gnu99;
				GCC_DYNAMIC_NO_PIC = NO;
				GCC_OPTIMIZATION_LEVEL = 0;
				GCC_PREPROCESSOR_DEFINITIONS = (
					"DEBUG=1",
					"$(inherited)",
				);
				GCC_SYMBOLS_PRIVATE_EXTERN = NO;
				GCC_WARN_64_TO_32_BIT_CONVERSION = YES;
				GCC_WARN_ABOUT_RETURN_TYPE = YES_ERROR;
				GCC_WARN_UNDECLARED_SELECTOR = YES;
				GCC_WARN_UNINITIALIZED_AUTOS = YES_AGGRESSIVE;
				GCC_WARN_UNUSED_FUNCTION = YES;
				GCC_WARN_UNUSED_VARIABLE = YES;
				IPHONEOS_DEPLOYMENT_TARGET = 7.1;
				ONLY_ACTIVE_ARCH = YES;
				SDKROOT = iphoneos;
			};
			name = Debug;
		};
		FC5B9EAF19C84F31009F4058 /* Release */ = {
			isa = XCBuildConfiguration;
			buildSettings = {
				ALWAYS_SEARCH_USER_PATHS = NO;
				CLANG_CXX_LANGUAGE_STANDARD = "gnu++0x";
				CLANG_CXX_LIBRARY = "libc++";
				CLANG_ENABLE_MODULES = YES;
				CLANG_ENABLE_OBJC_ARC = YES;
				CLANG_WARN_BOOL_CONVERSION = YES;
				CLANG_WARN_CONSTANT_CONVERSION = YES;
				CLANG_WARN_DIRECT_OBJC_ISA_USAGE = YES_ERROR;
				CLANG_WARN_EMPTY_BODY = YES;
				CLANG_WARN_ENUM_CONVERSION = YES;
				CLANG_WARN_INT_CONVERSION = YES;
				CLANG_WARN_OBJC_ROOT_CLASS = YES_ERROR;
				CLANG_WARN__DUPLICATE_METHOD_MATCH = YES;
				"CODE_SIGN_IDENTITY[sdk=iphoneos*]" = "iPhone Developer";
				COPY_PHASE_STRIP = YES;
				ENABLE_NS_ASSERTIONS = NO;
				GCC_C_LANGUAGE_STANDARD = gnu99;
				GCC_WARN_64_TO_32_BIT_CONVERSION = YES;
				GCC_WARN_ABOUT_RETURN_TYPE = YES_ERROR;
				GCC_WARN_UNDECLARED_SELECTOR = YES;
				GCC_WARN_UNINITIALIZED_AUTOS = YES_AGGRESSIVE;
				GCC_WARN_UNUSED_FUNCTION = YES;
				GCC_WARN_UNUSED_VARIABLE = YES;
				IPHONEOS_DEPLOYMENT_TARGET = 7.1;
				SDKROOT = iphoneos;
				VALIDATE_PRODUCT = YES;
			};
			name = Release;
		};
		FC5B9EB119C84F31009F4058 /* Debug */ = {
			isa = XCBuildConfiguration;
			buildSettings = {
				ASSETCATALOG_COMPILER_APPICON_NAME = AppIcon;
				ASSETCATALOG_COMPILER_LAUNCHIMAGE_NAME = LaunchImage;
				GCC_PRECOMPILE_PREFIX_HEADER = YES;
				GCC_PREFIX_HEADER = "PullUpToRefresh/PullUpToRefresh-Prefix.pch";
				INFOPLIST_FILE = "PullUpToRefresh/PullUpToRefresh-Info.plist";
				PRODUCT_NAME = "$(TARGET_NAME)";
				WRAPPER_EXTENSION = app;
			};
			name = Debug;
		};
		FC5B9EB219C84F31009F4058 /* Release */ = {
			isa = XCBuildConfiguration;
			buildSettings = {
				ASSETCATALOG_COMPILER_APPICON_NAME = AppIcon;
				ASSETCATALOG_COMPILER_LAUNCHIMAGE_NAME = LaunchImage;
				GCC_PRECOMPILE_PREFIX_HEADER = YES;
				GCC_PREFIX_HEADER = "PullUpToRefresh/PullUpToRefresh-Prefix.pch";
				INFOPLIST_FILE = "PullUpToRefresh/PullUpToRefresh-Info.plist";
				PRODUCT_NAME = "$(TARGET_NAME)";
				WRAPPER_EXTENSION = app;
			};
			name = Release;
		};
		FC5B9EB419C84F31009F4058 /* Debug */ = {
			isa = XCBuildConfiguration;
			buildSettings = {
				BUNDLE_LOADER = "$(BUILT_PRODUCTS_DIR)/PullUpToRefresh.app/PullUpToRefresh";
				FRAMEWORK_SEARCH_PATHS = (
					"$(SDKROOT)/Developer/Library/Frameworks",
					"$(inherited)",
					"$(DEVELOPER_FRAMEWORKS_DIR)",
				);
				GCC_PRECOMPILE_PREFIX_HEADER = YES;
				GCC_PREFIX_HEADER = "PullUpToRefresh/PullUpToRefresh-Prefix.pch";
				GCC_PREPROCESSOR_DEFINITIONS = (
					"DEBUG=1",
					"$(inherited)",
				);
				INFOPLIST_FILE = "PullUpToRefreshTests/PullUpToRefreshTests-Info.plist";
				PRODUCT_NAME = "$(TARGET_NAME)";
				TEST_HOST = "$(BUNDLE_LOADER)";
				WRAPPER_EXTENSION = xctest;
			};
			name = Debug;
		};
		FC5B9EB519C84F31009F4058 /* Release */ = {
			isa = XCBuildConfiguration;
			buildSettings = {
				BUNDLE_LOADER = "$(BUILT_PRODUCTS_DIR)/PullUpToRefresh.app/PullUpToRefresh";
				FRAMEWORK_SEARCH_PATHS = (
					"$(SDKROOT)/Developer/Library/Frameworks",
					"$(inherited)",
					"$(DEVELOPER_FRAMEWORKS_DIR)",
				);
				GCC_PRECOMPILE_PREFIX_HEADER = YES;
				GCC_PREFIX_HEADER = "PullUpToRefresh/PullUpToRefresh-Prefix.pch";
				INFOPLIST_FILE = "PullUpToRefreshTests/PullUpToRefreshTests-Info.plist";
				PRODUCT_NAME = "$(TARGET_NAME)";
				TEST_HOST = "$(BUNDLE_LOADER)";
				WRAPPER_EXTENSION = xctest;
			};
			name = Release;
		};
/* End XCBuildConfiguration section */

/* Begin XCConfigurationList section */
		FC5B9E7919C84F31009F4058 /* Build configuration list for PBXProject "PullUpToRefresh" */ = {
			isa = XCConfigurationList;
			buildConfigurations = (
				FC5B9EAE19C84F31009F4058 /* Debug */,
				FC5B9EAF19C84F31009F4058 /* Release */,
			);
			defaultConfigurationIsVisible = 0;
			defaultConfigurationName = Release;
		};
		FC5B9EB019C84F31009F4058 /* Build configuration list for PBXNativeTarget "PullUpToRefresh" */ = {
			isa = XCConfigurationList;
			buildConfigurations = (
				FC5B9EB119C84F31009F4058 /* Debug */,
				FC5B9EB219C84F31009F4058 /* Release */,
			);
			defaultConfigurationIsVisible = 0;
		};
		FC5B9EB319C84F31009F4058 /* Build configuration list for PBXNativeTarget "PullUpToRefreshTests" */ = {
			isa = XCConfigurationList;
			buildConfigurations = (
				FC5B9EB419C84F31009F4058 /* Debug */,
				FC5B9EB519C84F31009F4058 /* Release */,
			);
			defaultConfigurationIsVisible = 0;
		};
/* End XCConfigurationList section */
	};
	rootObject = FC5B9E7619C84F31009F4058 /* Project object */;
}
